# THIS IS AN AUTOGENERATED FILE. DO NOT EDIT THIS FILE DIRECTLY.
# yarn lockfile v1


"@next/font@^13.1.6":
  version "13.1.6"
  resolved "https://registry.yarnpkg.com/@next/font/-/font-13.1.6.tgz#2bf99e3321ec9b4d65781c0d0ebff072e8752e1a"
  integrity sha512-AITjmeb1RgX1HKMCiA39ztx2mxeAyxl4ljv2UoSBUGAbFFMg8MO7YAvjHCgFhD39hL7YTbFjol04e/BPBH5RzQ==
